
Microsoft Visual Studio Solution File, Format Version 12.00
# Visual Studio Version 17
VisualStudioVersion = 17.8.34511.84
MinimumVisualStudioVersion = 10.0.40219.1
Project("{FAE04EC0-301F-11D3-BF4B-00C04F79EFBC}") = "Week9Failid", "Week9Failid\Week9Failid.csproj", "{37645021-E210-4605-A1F8-8E64636CB9F9}"
EndProject
Global
	GlobalSection(SolutionConfigurationPlatforms) = preSolution
		Debug|Any CPU = Debug|Any CPU
		Release|Any CPU = Release|Any CPU
	EndGlobalSection
	GlobalSection(ProjectConfigurationPlatforms) = postSolution
		{37645021-E210-4605-A1F8-8E64636CB9F9}.Debug|Any CPU.ActiveCfg = Debug|Any CPU
		{37645021-E210-4605-A1F8-8E64636CB9F9}.Debug|Any CPU.Build.0 = Debug|Any CPU
		{37645021-E210-4605-A1F8-8E64636CB9F9}.Release|Any CPU.ActiveCfg = Release|Any CPU
		{37645021-E210-4605-A1F8-8E64636CB9F9}.Release|Any CPU.Build.0 = Release|Any CPU
	EndGlobalSection
	GlobalSection(SolutionProperties) = preSolution
		HideSolutionNode = FALSE
	EndGlobalSection
	GlobalSection(ExtensibilityGlobals) = postSolution
		SolutionGuid = {90BA83E5-02A8-4D02-986F-BEBFB8EBBB18}
	EndGlobalSection
EndGlobal
